
Microsoft Visual Studio Solution File, Format Version 12.00
# Visual Studio Version 16
VisualStudioVersion = 16.0.30413.136
MinimumVisualStudioVersion = 10.0.40219.1
Project("{2150E333-8FDC-42A3-9474-1A3956D46DE8}") = "test", "test", "{92D86724-E442-400B-B35D-61C8442CA426}"
EndProject
Project("{9A19103F-16F7-4668-BE54-9A1E7A4F7556}") = "Test.StartupModules", "Test.StartupModules\Test.StartupModules.csproj", "{AE0D88DC-F5A4-4F85-A0E6-5009DEA42253}"
EndProject
Project("{2150E333-8FDC-42A3-9474-1A3956D46DE8}") = "StartupModules", "StartupModules", "{EA3D236C-2CA8-4A46-B4D9-B3B773CB89CE}"
EndProject
Project("{9A19103F-16F7-4668-BE54-9A1E7A4F7556}") = "Easy.Core.Flow.StartupModules", "Easy.Core.Flow.StartupModules1\Easy.Core.Flow.StartupModules.csproj", "{0B088293-2A12-4A8D-99D7-C521E5536C13}"
EndProject
Project("{9A19103F-16F7-4668-BE54-9A1E7A4F7556}") = "Easy.Core.Flow.RivenModular", "Easy.Core.Flow.RivenModular\Easy.Core.Flow.RivenModular.csproj", "{914F80C1-00FE-4030-AB04-17A64708F98A}"
EndProject
Project("{9A19103F-16F7-4668-BE54-9A1E7A4F7556}") = "Test.RivenModular", "Test.RivenModular\Test.RivenModular.csproj", "{F9C836B9-FBC1-4A7B-9208-46E9BF4EE0B5}"
EndProject
Project("{2150E333-8FDC-42A3-9474-1A3956D46DE8}") = "Uow", "Uow", "{4AD2B162-5ABA-46ED-907A-15D7C2953D07}"
EndProject
Project("{9A19103F-16F7-4668-BE54-9A1E7A4F7556}") = "Easy.Core.Flow.UnitOfWork", "Easy.Core.Flow.UnitOfWork\Easy.Core.Flow.UnitOfWork.csproj", "{C45474E4-B1DE-416E-BF8D-A3772990B002}"
EndProject
Project("{9A19103F-16F7-4668-BE54-9A1E7A4F7556}") = "Easy.Core.Flow.Riven", "Easy.Core,Flow.AspectCore\Easy.Core.Flow.Riven.csproj", "{B88F6959-E83B-49AB-BF3A-1D50C8C3B9EE}"
EndProject
Project("{9A19103F-16F7-4668-BE54-9A1E7A4F7556}") = "Easy.Core.Flow.Uow", "Easy.Core.Flow.Uow\Easy.Core.Flow.Uow.csproj", "{2763966E-01AE-43EF-8CEF-3B3566EA43ED}"
EndProject
Project("{9A19103F-16F7-4668-BE54-9A1E7A4F7556}") = "Easy.Core.Flow.AspNetCore", "Easy.Core.Flow.AspNetCore\Easy.Core.Flow.AspNetCore.csproj", "{6237F130-BC95-4096-9C7E-C3B8804BF761}"
EndProject
Project("{9A19103F-16F7-4668-BE54-9A1E7A4F7556}") = "Easy.Core.Flow.UnitOfWork.EntityFrameworkCore", "Easy.Core.UnitOfWork.EntityFrameworkCore\Easy.Core.Flow.UnitOfWork.EntityFrameworkCore.csproj", "{E9B9BB42-8137-4F97-8598-D0C2CC90C94F}"
EndProject
Project("{9A19103F-16F7-4668-BE54-9A1E7A4F7556}") = "Easy.Core.Flow.Domain", "Easy.Core.Domain\Easy.Core.Flow.Domain.csproj", "{07F6AFBC-8DA7-4171-8A58-C00CF22CBE1A}"
EndProject
Project("{9A19103F-16F7-4668-BE54-9A1E7A4F7556}") = "Test.RivenUow", "Test.RivenUow\Test.RivenUow.csproj", "{A68E91EC-6DE5-4438-B738-A3C7D045BD5B}"
EndProject
Project("{9A19103F-16F7-4668-BE54-9A1E7A4F7556}") = "Easy.Core.Flow.Appium", "Easy.Core.Flow.Appium\Easy.Core.Flow.Appium.csproj", "{74E49C8C-C7C9-4A19-B212-9CB48C463B4D}"
EndProject
Project("{FAE04EC0-301F-11D3-BF4B-00C04F79EFBC}") = "Easy.Core.Flow.YoYoMoocDocker", "Easy.Core.Flow.YoYoMoocDocker\Easy.Core.Flow.YoYoMoocDocker.csproj", "{A4E7FFF8-093E-44AF-89A8-4C772D423819}"
EndProject
Global
	GlobalSection(SolutionConfigurationPlatforms) = preSolution
		Debug|Any CPU = Debug|Any CPU
		Release|Any CPU = Release|Any CPU
	EndGlobalSection
	GlobalSection(ProjectConfigurationPlatforms) = postSolution
		{AE0D88DC-F5A4-4F85-A0E6-5009DEA42253}.Debug|Any CPU.ActiveCfg = Debug|Any CPU
		{AE0D88DC-F5A4-4F85-A0E6-5009DEA42253}.Debug|Any CPU.Build.0 = Debug|Any CPU
		{AE0D88DC-F5A4-4F85-A0E6-5009DEA42253}.Release|Any CPU.ActiveCfg = Release|Any CPU
		{AE0D88DC-F5A4-4F85-A0E6-5009DEA42253}.Release|Any CPU.Build.0 = Release|Any CPU
		{0B088293-2A12-4A8D-99D7-C521E5536C13}.Debug|Any CPU.ActiveCfg = Debug|Any CPU
		{0B088293-2A12-4A8D-99D7-C521E5536C13}.Debug|Any CPU.Build.0 = Debug|Any CPU
		{0B088293-2A12-4A8D-99D7-C521E5536C13}.Release|Any CPU.ActiveCfg = Release|Any CPU
		{0B088293-2A12-4A8D-99D7-C521E5536C13}.Release|Any CPU.Build.0 = Release|Any CPU
		{914F80C1-00FE-4030-AB04-17A64708F98A}.Debug|Any CPU.ActiveCfg = Debug|Any CPU
		{914F80C1-00FE-4030-AB04-17A64708F98A}.Debug|Any CPU.Build.0 = Debug|Any CPU
		{914F80C1-00FE-4030-AB04-17A64708F98A}.Release|Any CPU.ActiveCfg = Release|Any CPU
		{914F80C1-00FE-4030-AB04-17A64708F98A}.Release|Any CPU.Build.0 = Release|Any CPU
		{F9C836B9-FBC1-4A7B-9208-46E9BF4EE0B5}.Debug|Any CPU.ActiveCfg = Debug|Any CPU
		{F9C836B9-FBC1-4A7B-9208-46E9BF4EE0B5}.Debug|Any CPU.Build.0 = Debug|Any CPU
		{F9C836B9-FBC1-4A7B-9208-46E9BF4EE0B5}.Release|Any CPU.ActiveCfg = Release|Any CPU
		{F9C836B9-FBC1-4A7B-9208-46E9BF4EE0B5}.Release|Any CPU.Build.0 = Release|Any CPU
		{C45474E4-B1DE-416E-BF8D-A3772990B002}.Debug|Any CPU.ActiveCfg = Debug|Any CPU
		{C45474E4-B1DE-416E-BF8D-A3772990B002}.Debug|Any CPU.Build.0 = Debug|Any CPU
		{C45474E4-B1DE-416E-BF8D-A3772990B002}.Release|Any CPU.ActiveCfg = Release|Any CPU
		{C45474E4-B1DE-416E-BF8D-A3772990B002}.Release|Any CPU.Build.0 = Release|Any CPU
		{B88F6959-E83B-49AB-BF3A-1D50C8C3B9EE}.Debug|Any CPU.ActiveCfg = Debug|Any CPU
		{B88F6959-E83B-49AB-BF3A-1D50C8C3B9EE}.Debug|Any CPU.Build.0 = Debug|Any CPU
		{B88F6959-E83B-49AB-BF3A-1D50C8C3B9EE}.Release|Any CPU.ActiveCfg = Release|Any CPU
		{B88F6959-E83B-49AB-BF3A-1D50C8C3B9EE}.Release|Any CPU.Build.0 = Release|Any CPU
		{2763966E-01AE-43EF-8CEF-3B3566EA43ED}.Debug|Any CPU.ActiveCfg = Debug|Any CPU
		{2763966E-01AE-43EF-8CEF-3B3566EA43ED}.Debug|Any CPU.Build.0 = Debug|Any CPU
		{2763966E-01AE-43EF-8CEF-3B3566EA43ED}.Release|Any CPU.ActiveCfg = Release|Any CPU
		{2763966E-01AE-43EF-8CEF-3B3566EA43ED}.Release|Any CPU.Build.0 = Release|Any CPU
		{6237F130-BC95-4096-9C7E-C3B8804BF761}.Debug|Any CPU.ActiveCfg = Debug|Any CPU
		{6237F130-BC95-4096-9C7E-C3B8804BF761}.Debug|Any CPU.Build.0 = Debug|Any CPU
		{6237F130-BC95-4096-9C7E-C3B8804BF761}.Release|Any CPU.ActiveCfg = Release|Any CPU
		{6237F130-BC95-4096-9C7E-C3B8804BF761}.Release|Any CPU.Build.0 = Release|Any CPU
		{E9B9BB42-8137-4F97-8598-D0C2CC90C94F}.Debug|Any CPU.ActiveCfg = Debug|Any CPU
		{E9B9BB42-8137-4F97-8598-D0C2CC90C94F}.Debug|Any CPU.Build.0 = Debug|Any CPU
		{E9B9BB42-8137-4F97-8598-D0C2CC90C94F}.Release|Any CPU.ActiveCfg = Release|Any CPU
		{E9B9BB42-8137-4F97-8598-D0C2CC90C94F}.Release|Any CPU.Build.0 = Release|Any CPU
		{07F6AFBC-8DA7-4171-8A58-C00CF22CBE1A}.Debug|Any CPU.ActiveCfg = Debug|Any CPU
		{07F6AFBC-8DA7-4171-8A58-C00CF22CBE1A}.Debug|Any CPU.Build.0 = Debug|Any CPU
		{07F6AFBC-8DA7-4171-8A58-C00CF22CBE1A}.Release|Any CPU.ActiveCfg = Release|Any CPU
		{07F6AFBC-8DA7-4171-8A58-C00CF22CBE1A}.Release|Any CPU.Build.0 = Release|Any CPU
		{A68E91EC-6DE5-4438-B738-A3C7D045BD5B}.Debug|Any CPU.ActiveCfg = Debug|Any CPU
		{A68E91EC-6DE5-4438-B738-A3C7D045BD5B}.Debug|Any CPU.Build.0 = Debug|Any CPU
		{A68E91EC-6DE5-4438-B738-A3C7D045BD5B}.Release|Any CPU.ActiveCfg = Release|Any CPU
		{A68E91EC-6DE5-4438-B738-A3C7D045BD5B}.Release|Any CPU.Build.0 = Release|Any CPU
		{74E49C8C-C7C9-4A19-B212-9CB48C463B4D}.Debug|Any CPU.ActiveCfg = Debug|Any CPU
		{74E49C8C-C7C9-4A19-B212-9CB48C463B4D}.Debug|Any CPU.Build.0 = Debug|Any CPU
		{74E49C8C-C7C9-4A19-B212-9CB48C463B4D}.Release|Any CPU.ActiveCfg = Release|Any CPU
		{74E49C8C-C7C9-4A19-B212-9CB48C463B4D}.Release|Any CPU.Build.0 = Release|Any CPU
		{A4E7FFF8-093E-44AF-89A8-4C772D423819}.Debug|Any CPU.ActiveCfg = Debug|Any CPU
		{A4E7FFF8-093E-44AF-89A8-4C772D423819}.Debug|Any CPU.Build.0 = Debug|Any CPU
		{A4E7FFF8-093E-44AF-89A8-4C772D423819}.Release|Any CPU.ActiveCfg = Release|Any CPU
		{A4E7FFF8-093E-44AF-89A8-4C772D423819}.Release|Any CPU.Build.0 = Release|Any CPU
	EndGlobalSection
	GlobalSection(SolutionProperties) = preSolution
		HideSolutionNode = FALSE
	EndGlobalSection
	GlobalSection(NestedProjects) = preSolution
		{AE0D88DC-F5A4-4F85-A0E6-5009DEA42253} = {92D86724-E442-400B-B35D-61C8442CA426}
		{0B088293-2A12-4A8D-99D7-C521E5536C13} = {EA3D236C-2CA8-4A46-B4D9-B3B773CB89CE}
		{914F80C1-00FE-4030-AB04-17A64708F98A} = {EA3D236C-2CA8-4A46-B4D9-B3B773CB89CE}
		{F9C836B9-FBC1-4A7B-9208-46E9BF4EE0B5} = {92D86724-E442-400B-B35D-61C8442CA426}
		{C45474E4-B1DE-416E-BF8D-A3772990B002} = {4AD2B162-5ABA-46ED-907A-15D7C2953D07}
		{B88F6959-E83B-49AB-BF3A-1D50C8C3B9EE} = {4AD2B162-5ABA-46ED-907A-15D7C2953D07}
		{2763966E-01AE-43EF-8CEF-3B3566EA43ED} = {4AD2B162-5ABA-46ED-907A-15D7C2953D07}
		{6237F130-BC95-4096-9C7E-C3B8804BF761} = {4AD2B162-5ABA-46ED-907A-15D7C2953D07}
		{E9B9BB42-8137-4F97-8598-D0C2CC90C94F} = {4AD2B162-5ABA-46ED-907A-15D7C2953D07}
		{07F6AFBC-8DA7-4171-8A58-C00CF22CBE1A} = {4AD2B162-5ABA-46ED-907A-15D7C2953D07}
		{A68E91EC-6DE5-4438-B738-A3C7D045BD5B} = {92D86724-E442-400B-B35D-61C8442CA426}
		{74E49C8C-C7C9-4A19-B212-9CB48C463B4D} = {92D86724-E442-400B-B35D-61C8442CA426}
		{A4E7FFF8-093E-44AF-89A8-4C772D423819} = {92D86724-E442-400B-B35D-61C8442CA426}
	EndGlobalSection
	GlobalSection(ExtensibilityGlobals) = postSolution
		SolutionGuid = {80E96E55-192B-4E9A-8563-646985B8CFB8}
	EndGlobalSection
EndGlobal
