
Microsoft Visual Studio Solution File, Format Version 12.00
# Visual Studio Version 16
VisualStudioVersion = 16.0.30413.136
MinimumVisualStudioVersion = 10.0.40219.1
Project("{2150E333-8FDC-42A3-9474-1A3956D46DE8}") = "test", "test", "{92D86724-E442-400B-B35D-61C8442CA426}"
EndProject
Project("{9A19103F-16F7-4668-BE54-9A1E7A4F7556}") = "Test.StartupModules", "Test.StartupModules\Test.StartupModules.csproj", "{AE0D88DC-F5A4-4F85-A0E6-5009DEA42253}"
EndProject
Project("{2150E333-8FDC-42A3-9474-1A3956D46DE8}") = "StartupModules", "StartupModules", "{EA3D236C-2CA8-4A46-B4D9-B3B773CB89CE}"
EndProject
Project("{9A19103F-16F7-4668-BE54-9A1E7A4F7556}") = "Easy.Core.Flow.StartupModules", "Easy.Core.Flow.StartupModules1\Easy.Core.Flow.StartupModules.csproj", "{0B088293-2A12-4A8D-99D7-C521E5536C13}"
EndProject
Project("{9A19103F-16F7-4668-BE54-9A1E7A4F7556}") = "Easy.Core.Flow.RivenModular", "Easy.Core.Flow.RivenModular\Easy.Core.Flow.RivenModular.csproj", "{914F80C1-00FE-4030-AB04-17A64708F98A}"
EndProject
Project("{9A19103F-16F7-4668-BE54-9A1E7A4F7556}") = "Test.RivenModular", "Test.RivenModular\Test.RivenModular.csproj", "{F9C836B9-FBC1-4A7B-9208-46E9BF4EE0B5}"
EndProject
Project("{2150E333-8FDC-42A3-9474-1A3956D46DE8}") = "Uow", "Uow", "{4AD2B162-5ABA-46ED-907A-15D7C2953D07}"
EndProject
Project("{9A19103F-16F7-4668-BE54-9A1E7A4F7556}") = "Easy.Core.Flow.UnitOfWork", "Easy.Core.Flow.UnitOfWork\Easy.Core.Flow.UnitOfWork.csproj", "{C45474E4-B1DE-416E-BF8D-A3772990B002}"
EndProject
Project("{9A19103F-16F7-4668-BE54-9A1E7A4F7556}") = "Easy.Core.Flow.Riven", "Easy.Core,Flow.AspectCore\Easy.Core.Flow.Riven.csproj", "{B88F6959-E83B-49AB-BF3A-1D50C8C3B9EE}"
EndProject
Project("{9A19103F-16F7-4668-BE54-9A1E7A4F7556}") = "Easy.Core.Flow.Uow", "Easy.Core.Flow.Uow\Easy.Core.Flow.Uow.csproj", "{2763966E-01AE-43EF-8CEF-3B3566EA43ED}"
EndProject
Project("{9A19103F-16F7-4668-BE54-9A1E7A4F7556}") = "Easy.Core.Flow.AspNetCore", "Easy.Core.Flow.AspNetCore\Easy.Core.Flow.AspNetCore.csproj", "{6237F130-BC95-4096-9C7E-C3B8804BF761}"
EndProject
Project("{9A19103F-16F7-4668-BE54-9A1E7A4F7556}") = "Easy.Core.Flow.UnitOfWork.EntityFrameworkCore", "Easy.Core.UnitOfWork.EntityFrameworkCore\Easy.Core.Flow.UnitOfWork.EntityFrameworkCore.csproj", "{E9B9BB42-8137-4F97-8598-D0C2CC90C94F}"
EndProject
Project("{9A19103F-16F7-4668-BE54-9A1E7A4F7556}") = "Easy.Core.Flow.Domain", "Easy.Core.Domain\Easy.Core.Flow.Domain.csproj", "{07F6AFBC-8DA7-4171-8A58-C00CF22CBE1A}"
EndProject
Project("{9A19103F-16F7-4668-BE54-9A1E7A4F7556}") = "Test.RivenUow", "Test.RivenUow\Test.RivenUow.csproj", "{A68E91EC-6DE5-4438-B738-A3C7D045BD5B}"
EndProject
Project("{9A19103F-16F7-4668-BE54-9A1E7A4F7556}") = "Easy.Core.Flow.Appium", "Easy.Core.Flow.Appium\Easy.Core.Flow.Appium.csproj", "{74E49C8C-C7C9-4A19-B212-9CB48C463B4D}"
EndProject
Project("{9A19103F-16F7-4668-BE54-9A1E7A4F7556}") = "Easy.Core.Flow.YoYoMoocDocker", "Easy.Core.Flow.YoYoMoocDocker\Easy.Core.Flow.YoYoMoocDocker.csproj", "{A4E7FFF8-093E-44AF-89A8-4C772D423819}"
EndProject
Project("{9A19103F-16F7-4668-BE54-9A1E7A4F7556}") = "Easy.Core.Flow.GrpcService", "Easy.Core.Flow.GrpcService\Easy.Core.Flow.GrpcService.csproj", "{5BDE1270-7F75-4BD8-A5B1-992B9BE8B3A6}"
EndProject
Project("{9A19103F-16F7-4668-BE54-9A1E7A4F7556}") = "Easy.Core.Flow.ImageSplicing", "Easy.Core.Flow.ImageSplicing\Easy.Core.Flow.ImageSplicing.csproj", "{36C154B4-E107-463D-BDBA-9221B5C082C0}"
EndProject
Project("{2150E333-8FDC-42A3-9474-1A3956D46DE8}") = "Cases", "Cases", "{15E01C63-DFEB-4510-BF6C-8C3EFB4AC309}"
EndProject
Project("{9A19103F-16F7-4668-BE54-9A1E7A4F7556}") = "Easy.Core,Flow.NetCoreBase", "Easy.Core,Flow.NetCoreBase\Easy.Core,Flow.NetCoreBase.csproj", "{127B75CB-4EFA-48D6-8189-34B176DC1A08}"
EndProject
Project("{9A19103F-16F7-4668-BE54-9A1E7A4F7556}") = "Easy.Core.FlowML.Model", "Easy.Core.FlowML.Model\Easy.Core.FlowML.Model.csproj", "{AD41D6CD-8F7D-4491-84D2-0E0BC4ACC8CE}"
EndProject
Project("{9A19103F-16F7-4668-BE54-9A1E7A4F7556}") = "Easy.Core.FlowML.ConsoleApp", "Easy.Core.FlowML.ConsoleApp\Easy.Core.FlowML.ConsoleApp.csproj", "{B4D911E6-FB36-4C5B-83FF-8E94196726D0}"
EndProject
Project("{9A19103F-16F7-4668-BE54-9A1E7A4F7556}") = "Easy.Core.Flow.XueXiQG", "Easy.Core.Flow.XueXiQG\Easy.Core.Flow.XueXiQG.csproj", "{8FCD8CEE-A553-4985-9257-102E3C1987C8}"
EndProject
Project("{2150E333-8FDC-42A3-9474-1A3956D46DE8}") = "DependencyInjection", "DependencyInjection", "{4BBD8C64-EB52-4E4C-8513-716356CE0A5A}"
EndProject
Project("{9A19103F-16F7-4668-BE54-9A1E7A4F7556}") = "Easy.Core.Flow.DependencyInjection", "Easy.Core.Flow.DependencyInjection\Easy.Core.Flow.DependencyInjection.csproj", "{B4B9141C-C944-4899-8BBC-7E77997162FD}"
EndProject
Project("{9A19103F-16F7-4668-BE54-9A1E7A4F7556}") = "Test.DependencyInjection", "Test.DependencyInjection\Test.DependencyInjection.csproj", "{D4AF137C-DAF3-47A2-A11D-E5A974C80B74}"
EndProject
Project("{2150E333-8FDC-42A3-9474-1A3956D46DE8}") = "Caching", "Caching", "{CD79AD1A-5247-4D23-8737-27F6490D6113}"
EndProject
Project("{FAE04EC0-301F-11D3-BF4B-00C04F79EFBC}") = "Easy.Core.Flow.Caching", "Easy.Core.Flow.Caching\Easy.Core.Flow.Caching.csproj", "{2BF4AAFC-9E34-4829-922B-49153A04A15B}"
EndProject
Project("{FAE04EC0-301F-11D3-BF4B-00C04F79EFBC}") = "Test.Caching", "Test.Caching\Test.Caching.csproj", "{0F3C4291-C917-476B-AFAA-C506A70A81E4}"
EndProject
Project("{FAE04EC0-301F-11D3-BF4B-00C04F79EFBC}") = "Easy.Core.Flow.RedisCache", "Easy.Core.Flow.RedisCache\Easy.Core.Flow.RedisCache.csproj", "{977EBBED-1850-40CD-BA70-853CB69415FD}"
EndProject
Project("{FAE04EC0-301F-11D3-BF4B-00C04F79EFBC}") = "Easy.Core.Flow.EFCoreBase", "Easy.Core.Flow.EFCoreBase\Easy.Core.Flow.EFCoreBase.csproj", "{FEB5AD5D-3503-4562-A9A2-DD779AD1A395}"
EndProject
Global
	GlobalSection(SolutionConfigurationPlatforms) = preSolution
		Debug|Any CPU = Debug|Any CPU
		Release|Any CPU = Release|Any CPU
	EndGlobalSection
	GlobalSection(ProjectConfigurationPlatforms) = postSolution
		{AE0D88DC-F5A4-4F85-A0E6-5009DEA42253}.Debug|Any CPU.ActiveCfg = Debug|Any CPU
		{AE0D88DC-F5A4-4F85-A0E6-5009DEA42253}.Debug|Any CPU.Build.0 = Debug|Any CPU
		{AE0D88DC-F5A4-4F85-A0E6-5009DEA42253}.Release|Any CPU.ActiveCfg = Release|Any CPU
		{AE0D88DC-F5A4-4F85-A0E6-5009DEA42253}.Release|Any CPU.Build.0 = Release|Any CPU
		{0B088293-2A12-4A8D-99D7-C521E5536C13}.Debug|Any CPU.ActiveCfg = Debug|Any CPU
		{0B088293-2A12-4A8D-99D7-C521E5536C13}.Debug|Any CPU.Build.0 = Debug|Any CPU
		{0B088293-2A12-4A8D-99D7-C521E5536C13}.Release|Any CPU.ActiveCfg = Release|Any CPU
		{0B088293-2A12-4A8D-99D7-C521E5536C13}.Release|Any CPU.Build.0 = Release|Any CPU
		{914F80C1-00FE-4030-AB04-17A64708F98A}.Debug|Any CPU.ActiveCfg = Debug|Any CPU
		{914F80C1-00FE-4030-AB04-17A64708F98A}.Debug|Any CPU.Build.0 = Debug|Any CPU
		{914F80C1-00FE-4030-AB04-17A64708F98A}.Release|Any CPU.ActiveCfg = Release|Any CPU
		{914F80C1-00FE-4030-AB04-17A64708F98A}.Release|Any CPU.Build.0 = Release|Any CPU
		{F9C836B9-FBC1-4A7B-9208-46E9BF4EE0B5}.Debug|Any CPU.ActiveCfg = Debug|Any CPU
		{F9C836B9-FBC1-4A7B-9208-46E9BF4EE0B5}.Debug|Any CPU.Build.0 = Debug|Any CPU
		{F9C836B9-FBC1-4A7B-9208-46E9BF4EE0B5}.Release|Any CPU.ActiveCfg = Release|Any CPU
		{F9C836B9-FBC1-4A7B-9208-46E9BF4EE0B5}.Release|Any CPU.Build.0 = Release|Any CPU
		{C45474E4-B1DE-416E-BF8D-A3772990B002}.Debug|Any CPU.ActiveCfg = Debug|Any CPU
		{C45474E4-B1DE-416E-BF8D-A3772990B002}.Debug|Any CPU.Build.0 = Debug|Any CPU
		{C45474E4-B1DE-416E-BF8D-A3772990B002}.Release|Any CPU.ActiveCfg = Release|Any CPU
		{C45474E4-B1DE-416E-BF8D-A3772990B002}.Release|Any CPU.Build.0 = Release|Any CPU
		{B88F6959-E83B-49AB-BF3A-1D50C8C3B9EE}.Debug|Any CPU.ActiveCfg = Debug|Any CPU
		{B88F6959-E83B-49AB-BF3A-1D50C8C3B9EE}.Debug|Any CPU.Build.0 = Debug|Any CPU
		{B88F6959-E83B-49AB-BF3A-1D50C8C3B9EE}.Release|Any CPU.ActiveCfg = Release|Any CPU
		{B88F6959-E83B-49AB-BF3A-1D50C8C3B9EE}.Release|Any CPU.Build.0 = Release|Any CPU
		{2763966E-01AE-43EF-8CEF-3B3566EA43ED}.Debug|Any CPU.ActiveCfg = Debug|Any CPU
		{2763966E-01AE-43EF-8CEF-3B3566EA43ED}.Debug|Any CPU.Build.0 = Debug|Any CPU
		{2763966E-01AE-43EF-8CEF-3B3566EA43ED}.Release|Any CPU.ActiveCfg = Release|Any CPU
		{2763966E-01AE-43EF-8CEF-3B3566EA43ED}.Release|Any CPU.Build.0 = Release|Any CPU
		{6237F130-BC95-4096-9C7E-C3B8804BF761}.Debug|Any CPU.ActiveCfg = Debug|Any CPU
		{6237F130-BC95-4096-9C7E-C3B8804BF761}.Debug|Any CPU.Build.0 = Debug|Any CPU
		{6237F130-BC95-4096-9C7E-C3B8804BF761}.Release|Any CPU.ActiveCfg = Release|Any CPU
		{6237F130-BC95-4096-9C7E-C3B8804BF761}.Release|Any CPU.Build.0 = Release|Any CPU
		{E9B9BB42-8137-4F97-8598-D0C2CC90C94F}.Debug|Any CPU.ActiveCfg = Debug|Any CPU
		{E9B9BB42-8137-4F97-8598-D0C2CC90C94F}.Debug|Any CPU.Build.0 = Debug|Any CPU
		{E9B9BB42-8137-4F97-8598-D0C2CC90C94F}.Release|Any CPU.ActiveCfg = Release|Any CPU
		{E9B9BB42-8137-4F97-8598-D0C2CC90C94F}.Release|Any CPU.Build.0 = Release|Any CPU
		{07F6AFBC-8DA7-4171-8A58-C00CF22CBE1A}.Debug|Any CPU.ActiveCfg = Debug|Any CPU
		{07F6AFBC-8DA7-4171-8A58-C00CF22CBE1A}.Debug|Any CPU.Build.0 = Debug|Any CPU
		{07F6AFBC-8DA7-4171-8A58-C00CF22CBE1A}.Release|Any CPU.ActiveCfg = Release|Any CPU
		{07F6AFBC-8DA7-4171-8A58-C00CF22CBE1A}.Release|Any CPU.Build.0 = Release|Any CPU
		{A68E91EC-6DE5-4438-B738-A3C7D045BD5B}.Debug|Any CPU.ActiveCfg = Debug|Any CPU
		{A68E91EC-6DE5-4438-B738-A3C7D045BD5B}.Debug|Any CPU.Build.0 = Debug|Any CPU
		{A68E91EC-6DE5-4438-B738-A3C7D045BD5B}.Release|Any CPU.ActiveCfg = Release|Any CPU
		{A68E91EC-6DE5-4438-B738-A3C7D045BD5B}.Release|Any CPU.Build.0 = Release|Any CPU
		{74E49C8C-C7C9-4A19-B212-9CB48C463B4D}.Debug|Any CPU.ActiveCfg = Debug|Any CPU
		{74E49C8C-C7C9-4A19-B212-9CB48C463B4D}.Debug|Any CPU.Build.0 = Debug|Any CPU
		{74E49C8C-C7C9-4A19-B212-9CB48C463B4D}.Release|Any CPU.ActiveCfg = Release|Any CPU
		{74E49C8C-C7C9-4A19-B212-9CB48C463B4D}.Release|Any CPU.Build.0 = Release|Any CPU
		{A4E7FFF8-093E-44AF-89A8-4C772D423819}.Debug|Any CPU.ActiveCfg = Debug|Any CPU
		{A4E7FFF8-093E-44AF-89A8-4C772D423819}.Debug|Any CPU.Build.0 = Debug|Any CPU
		{A4E7FFF8-093E-44AF-89A8-4C772D423819}.Release|Any CPU.ActiveCfg = Release|Any CPU
		{A4E7FFF8-093E-44AF-89A8-4C772D423819}.Release|Any CPU.Build.0 = Release|Any CPU
		{5BDE1270-7F75-4BD8-A5B1-992B9BE8B3A6}.Debug|Any CPU.ActiveCfg = Debug|Any CPU
		{5BDE1270-7F75-4BD8-A5B1-992B9BE8B3A6}.Debug|Any CPU.Build.0 = Debug|Any CPU
		{5BDE1270-7F75-4BD8-A5B1-992B9BE8B3A6}.Release|Any CPU.ActiveCfg = Release|Any CPU
		{5BDE1270-7F75-4BD8-A5B1-992B9BE8B3A6}.Release|Any CPU.Build.0 = Release|Any CPU
		{36C154B4-E107-463D-BDBA-9221B5C082C0}.Debug|Any CPU.ActiveCfg = Debug|Any CPU
		{36C154B4-E107-463D-BDBA-9221B5C082C0}.Debug|Any CPU.Build.0 = Debug|Any CPU
		{36C154B4-E107-463D-BDBA-9221B5C082C0}.Release|Any CPU.ActiveCfg = Release|Any CPU
		{36C154B4-E107-463D-BDBA-9221B5C082C0}.Release|Any CPU.Build.0 = Release|Any CPU
		{127B75CB-4EFA-48D6-8189-34B176DC1A08}.Debug|Any CPU.ActiveCfg = Debug|Any CPU
		{127B75CB-4EFA-48D6-8189-34B176DC1A08}.Debug|Any CPU.Build.0 = Debug|Any CPU
		{127B75CB-4EFA-48D6-8189-34B176DC1A08}.Release|Any CPU.ActiveCfg = Release|Any CPU
		{127B75CB-4EFA-48D6-8189-34B176DC1A08}.Release|Any CPU.Build.0 = Release|Any CPU
		{AD41D6CD-8F7D-4491-84D2-0E0BC4ACC8CE}.Debug|Any CPU.ActiveCfg = Debug|Any CPU
		{AD41D6CD-8F7D-4491-84D2-0E0BC4ACC8CE}.Debug|Any CPU.Build.0 = Debug|Any CPU
		{AD41D6CD-8F7D-4491-84D2-0E0BC4ACC8CE}.Release|Any CPU.ActiveCfg = Release|Any CPU
		{AD41D6CD-8F7D-4491-84D2-0E0BC4ACC8CE}.Release|Any CPU.Build.0 = Release|Any CPU
		{B4D911E6-FB36-4C5B-83FF-8E94196726D0}.Debug|Any CPU.ActiveCfg = Debug|Any CPU
		{B4D911E6-FB36-4C5B-83FF-8E94196726D0}.Debug|Any CPU.Build.0 = Debug|Any CPU
		{B4D911E6-FB36-4C5B-83FF-8E94196726D0}.Release|Any CPU.ActiveCfg = Release|Any CPU
		{B4D911E6-FB36-4C5B-83FF-8E94196726D0}.Release|Any CPU.Build.0 = Release|Any CPU
		{8FCD8CEE-A553-4985-9257-102E3C1987C8}.Debug|Any CPU.ActiveCfg = Debug|Any CPU
		{8FCD8CEE-A553-4985-9257-102E3C1987C8}.Debug|Any CPU.Build.0 = Debug|Any CPU
		{8FCD8CEE-A553-4985-9257-102E3C1987C8}.Release|Any CPU.ActiveCfg = Release|Any CPU
		{8FCD8CEE-A553-4985-9257-102E3C1987C8}.Release|Any CPU.Build.0 = Release|Any CPU
		{FEB5AD5D-3503-4562-A9A2-DD779AD1A395}.Debug|Any CPU.ActiveCfg = Debug|Any CPU
		{FEB5AD5D-3503-4562-A9A2-DD779AD1A395}.Debug|Any CPU.Build.0 = Debug|Any CPU
		{FEB5AD5D-3503-4562-A9A2-DD779AD1A395}.Release|Any CPU.ActiveCfg = Release|Any CPU
		{FEB5AD5D-3503-4562-A9A2-DD779AD1A395}.Release|Any CPU.Build.0 = Release|Any CPU
		{B4B9141C-C944-4899-8BBC-7E77997162FD}.Debug|Any CPU.ActiveCfg = Debug|Any CPU
		{B4B9141C-C944-4899-8BBC-7E77997162FD}.Debug|Any CPU.Build.0 = Debug|Any CPU
		{B4B9141C-C944-4899-8BBC-7E77997162FD}.Release|Any CPU.ActiveCfg = Release|Any CPU
		{B4B9141C-C944-4899-8BBC-7E77997162FD}.Release|Any CPU.Build.0 = Release|Any CPU
		{D4AF137C-DAF3-47A2-A11D-E5A974C80B74}.Debug|Any CPU.ActiveCfg = Debug|Any CPU
		{D4AF137C-DAF3-47A2-A11D-E5A974C80B74}.Debug|Any CPU.Build.0 = Debug|Any CPU
		{D4AF137C-DAF3-47A2-A11D-E5A974C80B74}.Release|Any CPU.ActiveCfg = Release|Any CPU
		{D4AF137C-DAF3-47A2-A11D-E5A974C80B74}.Release|Any CPU.Build.0 = Release|Any CPU
		{2BF4AAFC-9E34-4829-922B-49153A04A15B}.Debug|Any CPU.ActiveCfg = Debug|Any CPU
		{2BF4AAFC-9E34-4829-922B-49153A04A15B}.Debug|Any CPU.Build.0 = Debug|Any CPU
		{2BF4AAFC-9E34-4829-922B-49153A04A15B}.Release|Any CPU.ActiveCfg = Release|Any CPU
		{2BF4AAFC-9E34-4829-922B-49153A04A15B}.Release|Any CPU.Build.0 = Release|Any CPU
		{0F3C4291-C917-476B-AFAA-C506A70A81E4}.Debug|Any CPU.ActiveCfg = Debug|Any CPU
		{0F3C4291-C917-476B-AFAA-C506A70A81E4}.Debug|Any CPU.Build.0 = Debug|Any CPU
		{0F3C4291-C917-476B-AFAA-C506A70A81E4}.Release|Any CPU.ActiveCfg = Release|Any CPU
		{0F3C4291-C917-476B-AFAA-C506A70A81E4}.Release|Any CPU.Build.0 = Release|Any CPU
		{977EBBED-1850-40CD-BA70-853CB69415FD}.Debug|Any CPU.ActiveCfg = Debug|Any CPU
		{977EBBED-1850-40CD-BA70-853CB69415FD}.Debug|Any CPU.Build.0 = Debug|Any CPU
		{977EBBED-1850-40CD-BA70-853CB69415FD}.Release|Any CPU.ActiveCfg = Release|Any CPU
		{977EBBED-1850-40CD-BA70-853CB69415FD}.Release|Any CPU.Build.0 = Release|Any CPU
	EndGlobalSection
	GlobalSection(SolutionProperties) = preSolution
		HideSolutionNode = FALSE
	EndGlobalSection
	GlobalSection(NestedProjects) = preSolution
		{AE0D88DC-F5A4-4F85-A0E6-5009DEA42253} = {92D86724-E442-400B-B35D-61C8442CA426}
		{0B088293-2A12-4A8D-99D7-C521E5536C13} = {EA3D236C-2CA8-4A46-B4D9-B3B773CB89CE}
		{914F80C1-00FE-4030-AB04-17A64708F98A} = {EA3D236C-2CA8-4A46-B4D9-B3B773CB89CE}
		{F9C836B9-FBC1-4A7B-9208-46E9BF4EE0B5} = {92D86724-E442-400B-B35D-61C8442CA426}
		{C45474E4-B1DE-416E-BF8D-A3772990B002} = {4AD2B162-5ABA-46ED-907A-15D7C2953D07}
		{B88F6959-E83B-49AB-BF3A-1D50C8C3B9EE} = {4AD2B162-5ABA-46ED-907A-15D7C2953D07}
		{2763966E-01AE-43EF-8CEF-3B3566EA43ED} = {4AD2B162-5ABA-46ED-907A-15D7C2953D07}
		{6237F130-BC95-4096-9C7E-C3B8804BF761} = {4AD2B162-5ABA-46ED-907A-15D7C2953D07}
		{E9B9BB42-8137-4F97-8598-D0C2CC90C94F} = {4AD2B162-5ABA-46ED-907A-15D7C2953D07}
		{07F6AFBC-8DA7-4171-8A58-C00CF22CBE1A} = {4AD2B162-5ABA-46ED-907A-15D7C2953D07}
		{A68E91EC-6DE5-4438-B738-A3C7D045BD5B} = {92D86724-E442-400B-B35D-61C8442CA426}
		{74E49C8C-C7C9-4A19-B212-9CB48C463B4D} = {15E01C63-DFEB-4510-BF6C-8C3EFB4AC309}
		{A4E7FFF8-093E-44AF-89A8-4C772D423819} = {15E01C63-DFEB-4510-BF6C-8C3EFB4AC309}
		{5BDE1270-7F75-4BD8-A5B1-992B9BE8B3A6} = {15E01C63-DFEB-4510-BF6C-8C3EFB4AC309}
		{36C154B4-E107-463D-BDBA-9221B5C082C0} = {15E01C63-DFEB-4510-BF6C-8C3EFB4AC309}
		{127B75CB-4EFA-48D6-8189-34B176DC1A08} = {15E01C63-DFEB-4510-BF6C-8C3EFB4AC309}
		{AD41D6CD-8F7D-4491-84D2-0E0BC4ACC8CE} = {15E01C63-DFEB-4510-BF6C-8C3EFB4AC309}
		{B4D911E6-FB36-4C5B-83FF-8E94196726D0} = {15E01C63-DFEB-4510-BF6C-8C3EFB4AC309}
		{8FCD8CEE-A553-4985-9257-102E3C1987C8} = {15E01C63-DFEB-4510-BF6C-8C3EFB4AC309}
		{FEB5AD5D-3503-4562-A9A2-DD779AD1A395} = {15E01C63-DFEB-4510-BF6C-8C3EFB4AC309}
		{B4B9141C-C944-4899-8BBC-7E77997162FD} = {4BBD8C64-EB52-4E4C-8513-716356CE0A5A}
		{D4AF137C-DAF3-47A2-A11D-E5A974C80B74} = {92D86724-E442-400B-B35D-61C8442CA426}
		{2BF4AAFC-9E34-4829-922B-49153A04A15B} = {CD79AD1A-5247-4D23-8737-27F6490D6113}
		{0F3C4291-C917-476B-AFAA-C506A70A81E4} = {92D86724-E442-400B-B35D-61C8442CA426}
		{977EBBED-1850-40CD-BA70-853CB69415FD} = {CD79AD1A-5247-4D23-8737-27F6490D6113}
	EndGlobalSection
	GlobalSection(ExtensibilityGlobals) = postSolution
		SolutionGuid = {80E96E55-192B-4E9A-8563-646985B8CFB8}
	EndGlobalSection
EndGlobal
